
Microsoft Visual Studio Solution File, Format Version 12.00
# Visual Studio Version 17
VisualStudioVersion = 17.7.34221.43
MinimumVisualStudioVersion = 10.0.40219.1
Project("{8BC9CEB8-8B4A-11D0-8D11-00A0C91BC942}") = "WinAPI", "WinAPI\WinAPI.vcxproj", "{70A9C72D-655B-4A04-81AC-9CC3D2FD1455}"
EndProject
Project("{8BC9CEB8-8B4A-11D0-8D11-00A0C91BC942}") = "ComboBox", "ComboBox\ComboBox.vcxproj", "{03DF8AF3-1EF4-471E-BC43-4BC9D9950787}"
EndProject
Project("{8BC9CEB8-8B4A-11D0-8D11-00A0C91BC942}") = "ListBox", "ListBox\ListBox.vcxproj", "{3222DF6D-C9BF-46F2-86DD-17A22307DEAA}"
EndProject
Global
	GlobalSection(SolutionConfigurationPlatforms) = preSolution
		Debug|x64 = Debug|x64
		Debug|x86 = Debug|x86
		Release|x64 = Release|x64
		Release|x86 = Release|x86
	EndGlobalSection
	GlobalSection(ProjectConfigurationPlatforms) = postSolution
		{70A9C72D-655B-4A04-81AC-9CC3D2FD1455}.Debug|x64.ActiveCfg = Debug|x64
		{70A9C72D-655B-4A04-81AC-9CC3D2FD1455}.Debug|x64.Build.0 = Debug|x64
		{70A9C72D-655B-4A04-81AC-9CC3D2FD1455}.Debug|x86.ActiveCfg = Debug|Win32
		{70A9C72D-655B-4A04-81AC-9CC3D2FD1455}.Debug|x86.Build.0 = Debug|Win32
		{70A9C72D-655B-4A04-81AC-9CC3D2FD1455}.Release|x64.ActiveCfg = Release|x64
		{70A9C72D-655B-4A04-81AC-9CC3D2FD1455}.Release|x64.Build.0 = Release|x64
		{70A9C72D-655B-4A04-81AC-9CC3D2FD1455}.Release|x86.ActiveCfg = Release|Win32
		{70A9C72D-655B-4A04-81AC-9CC3D2FD1455}.Release|x86.Build.0 = Release|Win32
		{03DF8AF3-1EF4-471E-BC43-4BC9D9950787}.Debug|x64.ActiveCfg = Debug|x64
		{03DF8AF3-1EF4-471E-BC43-4BC9D9950787}.Debug|x64.Build.0 = Debug|x64
		{03DF8AF3-1EF4-471E-BC43-4BC9D9950787}.Debug|x86.ActiveCfg = Debug|Win32
		{03DF8AF3-1EF4-471E-BC43-4BC9D9950787}.Debug|x86.Build.0 = Debug|Win32
		{03DF8AF3-1EF4-471E-BC43-4BC9D9950787}.Release|x64.ActiveCfg = Release|x64
		{03DF8AF3-1EF4-471E-BC43-4BC9D9950787}.Release|x64.Build.0 = Release|x64
		{03DF8AF3-1EF4-471E-BC43-4BC9D9950787}.Release|x86.ActiveCfg = Release|Win32
		{03DF8AF3-1EF4-471E-BC43-4BC9D9950787}.Release|x86.Build.0 = Release|Win32
		{3222DF6D-C9BF-46F2-86DD-17A22307DEAA}.Debug|x64.ActiveCfg = Debug|x64
		{3222DF6D-C9BF-46F2-86DD-17A22307DEAA}.Debug|x64.Build.0 = Debug|x64
		{3222DF6D-C9BF-46F2-86DD-17A22307DEAA}.Debug|x86.ActiveCfg = Debug|Win32
		{3222DF6D-C9BF-46F2-86DD-17A22307DEAA}.Debug|x86.Build.0 = Debug|Win32
		{3222DF6D-C9BF-46F2-86DD-17A22307DEAA}.Release|x64.ActiveCfg = Release|x64
		{3222DF6D-C9BF-46F2-86DD-17A22307DEAA}.Release|x64.Build.0 = Release|x64
		{3222DF6D-C9BF-46F2-86DD-17A22307DEAA}.Release|x86.ActiveCfg = Release|Win32
		{3222DF6D-C9BF-46F2-86DD-17A22307DEAA}.Release|x86.Build.0 = Release|Win32
	EndGlobalSection
	GlobalSection(SolutionProperties) = preSolution
		HideSolutionNode = FALSE
	EndGlobalSection
	GlobalSection(ExtensibilityGlobals) = postSolution
		SolutionGuid = {F5B72B79-6F55-4055-ADD0-45B2981A40C6}
	EndGlobalSection
EndGlobal
